// !$*UTF8*$!
{
	archiveVersion = 1;
	classes = {
	};
	objectVersion = 50;
	objects = {

/* Begin PBXBuildFile section */
		4CCC03C64B76CF2071E0CB01 /* Pods_meteo.framework in Frameworks */ = {isa = PBXBuildFile; fileRef = 9176AAF48D37AFA335276CA6 /* Pods_meteo.framework */; };
		6CB68331DEF2413670605E1E /* Pods_meteoUITests.framework in Frameworks */ = {isa = PBXBuildFile; fileRef = 637312B4D6DB72498EE33605 /* Pods_meteoUITests.framework */; };
		759D7BCC86A8C3889C561A0A /* Pods_meteoTests.framework in Frameworks */ = {isa = PBXBuildFile; fileRef = 52F82AC181522ED9E48136C3 /* Pods_meteoTests.framework */; };
		C12014FC20A8654A0088376D /* AppDelegate.swift in Sources */ = {isa = PBXBuildFile; fileRef = C12014FB20A8654A0088376D /* AppDelegate.swift */; };
		C120150120A8654A0088376D /* Main.storyboard in Resources */ = {isa = PBXBuildFile; fileRef = C12014FF20A8654A0088376D /* Main.storyboard */; };
		C120150320A8654B0088376D /* Assets.xcassets in Resources */ = {isa = PBXBuildFile; fileRef = C120150220A8654B0088376D /* Assets.xcassets */; };
		C120150620A8654B0088376D /* LaunchScreen.storyboard in Resources */ = {isa = PBXBuildFile; fileRef = C120150420A8654B0088376D /* LaunchScreen.storyboard */; };
		C120151120A8654C0088376D /* meteoTests.swift in Sources */ = {isa = PBXBuildFile; fileRef = C120151020A8654C0088376D /* meteoTests.swift */; };
		C120151C20A8654C0088376D /* meteoUITests.swift in Sources */ = {isa = PBXBuildFile; fileRef = C120151B20A8654C0088376D /* meteoUITests.swift */; };
		C120152E20A865D50088376D /* MeteoController.swift in Sources */ = {isa = PBXBuildFile; fileRef = C120152D20A865D50088376D /* MeteoController.swift */; };
		C120153020A867540088376D /* LocationExtension.swift in Sources */ = {isa = PBXBuildFile; fileRef = C120152F20A867540088376D /* LocationExtension.swift */; };
		C120153320A8699B0088376D /* Api.swift in Sources */ = {isa = PBXBuildFile; fileRef = C120153220A8699B0088376D /* Api.swift */; };
		C128DF8B20A88BB800DF1322 /* Forecast.swift in Sources */ = {isa = PBXBuildFile; fileRef = C128DF8A20A88BB800DF1322 /* Forecast.swift */; };
		C128DF8D20A89F9000DF1322 /* Extension.swift in Sources */ = {isa = PBXBuildFile; fileRef = C128DF8C20A89F9000DF1322 /* Extension.swift */; };
		C128DF8F20A8A0DB00DF1322 /* ImageDownloader.swift in Sources */ = {isa = PBXBuildFile; fileRef = C128DF8E20A8A0DB00DF1322 /* ImageDownloader.swift */; };
		C128DF9120A8A5C800DF1322 /* ForecastCell.swift in Sources */ = {isa = PBXBuildFile; fileRef = C128DF9020A8A5C800DF1322 /* ForecastCell.swift */; };
		C128DF9520A8AA0500DF1322 /* CollectionCell.swift in Sources */ = {isa = PBXBuildFile; fileRef = C128DF9420A8AA0500DF1322 /* CollectionCell.swift */; };
		C128DF9720A8ACEE00DF1322 /* TableViewExtension.swift in Sources */ = {isa = PBXBuildFile; fileRef = C128DF9620A8ACEE00DF1322 /* TableViewExtension.swift */; };
		C160E32020B00AA20065F8CE /* DateHelper.swift in Sources */ = {isa = PBXBuildFile; fileRef = C160E31F20B00AA20065F8CE /* DateHelper.swift */; };
		C160E32220B01ED80065F8CE /* DetailDay.swift in Sources */ = {isa = PBXBuildFile; fileRef = C160E32120B01ED70065F8CE /* DetailDay.swift */; };
		C160E32420B036C80065F8CE /* DayCell.swift in Sources */ = {isa = PBXBuildFile; fileRef = C160E32320B036C80065F8CE /* DayCell.swift */; };
/* End PBXBuildFile section */

/* Begin PBXContainerItemProxy section */
		C120150D20A8654C0088376D /* PBXContainerItemProxy */ = {
			isa = PBXContainerItemProxy;
			containerPortal = C12014F020A8654A0088376D /* Project object */;
			proxyType = 1;
			remoteGlobalIDString = C12014F720A8654A0088376D;
			remoteInfo = meteo;
		};
		C120151820A8654C0088376D /* PBXContainerItemProxy */ = {
			isa = PBXContainerItemProxy;
			containerPortal = C12014F020A8654A0088376D /* Project object */;
			proxyType = 1;
			remoteGlobalIDString = C12014F720A8654A0088376D;
			remoteInfo = meteo;
		};
/* End PBXContainerItemProxy section */

/* Begin PBXFileReference section */
		312F12B1DE006B8EEAD14D0C /* Pods-meteoUITests.release.xcconfig */ = {isa = PBXFileReference; includeInIndex = 1; lastKnownFileType = text.xcconfig; name = "Pods-meteoUITests.release.xcconfig"; path = "Pods/Target Support Files/Pods-meteoUITests/Pods-meteoUITests.release.xcconfig"; sourceTree = "<group>"; };
		52F82AC181522ED9E48136C3 /* Pods_meteoTests.framework */ = {isa = PBXFileReference; explicitFileType = wrapper.framework; includeInIndex = 0; path = Pods_meteoTests.framework; sourceTree = BUILT_PRODUCTS_DIR; };
		637312B4D6DB72498EE33605 /* Pods_meteoUITests.framework */ = {isa = PBXFileReference; explicitFileType = wrapper.framework; includeInIndex = 0; path = Pods_meteoUITests.framework; sourceTree = BUILT_PRODUCTS_DIR; };
		9176AAF48D37AFA335276CA6 /* Pods_meteo.framework */ = {isa = PBXFileReference; explicitFileType = wrapper.framework; includeInIndex = 0; path = Pods_meteo.framework; sourceTree = BUILT_PRODUCTS_DIR; };
		93B063F59C97F20120128606 /* Pods-meteo.release.xcconfig */ = {isa = PBXFileReference; includeInIndex = 1; lastKnownFileType = text.xcconfig; name = "Pods-meteo.release.xcconfig"; path = "Pods/Target Support Files/Pods-meteo/Pods-meteo.release.xcconfig"; sourceTree = "<group>"; };
		96F7947C0AC65F5A8B460EBF /* Pods-meteoTests.release.xcconfig */ = {isa = PBXFileReference; includeInIndex = 1; lastKnownFileType = text.xcconfig; name = "Pods-meteoTests.release.xcconfig"; path = "Pods/Target Support Files/Pods-meteoTests/Pods-meteoTests.release.xcconfig"; sourceTree = "<group>"; };
		B328192C3BC7ED46CE30D9B0 /* Pods-meteo.debug.xcconfig */ = {isa = PBXFileReference; includeInIndex = 1; lastKnownFileType = text.xcconfig; name = "Pods-meteo.debug.xcconfig"; path = "Pods/Target Support Files/Pods-meteo/Pods-meteo.debug.xcconfig"; sourceTree = "<group>"; };
		C12014F820A8654A0088376D /* meteo.app */ = {isa = PBXFileReference; explicitFileType = wrapper.application; includeInIndex = 0; path = meteo.app; sourceTree = BUILT_PRODUCTS_DIR; };
		C12014FB20A8654A0088376D /* AppDelegate.swift */ = {isa = PBXFileReference; lastKnownFileType = sourcecode.swift; path = AppDelegate.swift; sourceTree = "<group>"; };
		C120150020A8654A0088376D /* Base */ = {isa = PBXFileReference; lastKnownFileType = file.storyboard; name = Base; path = Base.lproj/Main.storyboard; sourceTree = "<group>"; };
		C120150220A8654B0088376D /* Assets.xcassets */ = {isa = PBXFileReference; lastKnownFileType = folder.assetcatalog; path = Assets.xcassets; sourceTree = "<group>"; };
		C120150520A8654B0088376D /* Base */ = {isa = PBXFileReference; lastKnownFileType = file.storyboard; name = Base; path = Base.lproj/LaunchScreen.storyboard; sourceTree = "<group>"; };
		C120150720A8654B0088376D /* Info.plist */ = {isa = PBXFileReference; lastKnownFileType = text.plist.xml; path = Info.plist; sourceTree = "<group>"; };
		C120150C20A8654C0088376D /* meteoTests.xctest */ = {isa = PBXFileReference; explicitFileType = wrapper.cfbundle; includeInIndex = 0; path = meteoTests.xctest; sourceTree = BUILT_PRODUCTS_DIR; };
		C120151020A8654C0088376D /* meteoTests.swift */ = {isa = PBXFileReference; lastKnownFileType = sourcecode.swift; path = meteoTests.swift; sourceTree = "<group>"; };
		C120151220A8654C0088376D /* Info.plist */ = {isa = PBXFileReference; lastKnownFileType = text.plist.xml; path = Info.plist; sourceTree = "<group>"; };
		C120151720A8654C0088376D /* meteoUITests.xctest */ = {isa = PBXFileReference; explicitFileType = wrapper.cfbundle; includeInIndex = 0; path = meteoUITests.xctest; sourceTree = BUILT_PRODUCTS_DIR; };
		C120151B20A8654C0088376D /* meteoUITests.swift */ = {isa = PBXFileReference; lastKnownFileType = sourcecode.swift; path = meteoUITests.swift; sourceTree = "<group>"; };
		C120151D20A8654C0088376D /* Info.plist */ = {isa = PBXFileReference; lastKnownFileType = text.plist.xml; path = Info.plist; sourceTree = "<group>"; };
		C120152D20A865D50088376D /* MeteoController.swift */ = {isa = PBXFileReference; lastKnownFileType = sourcecode.swift; path = MeteoController.swift; sourceTree = "<group>"; };
		C120152F20A867540088376D /* LocationExtension.swift */ = {isa = PBXFileReference; lastKnownFileType = sourcecode.swift; path = LocationExtension.swift; sourceTree = "<group>"; };
		C120153220A8699B0088376D /* Api.swift */ = {isa = PBXFileReference; lastKnownFileType = sourcecode.swift; path = Api.swift; sourceTree = "<group>"; };
		C128DF8A20A88BB800DF1322 /* Forecast.swift */ = {isa = PBXFileReference; lastKnownFileType = sourcecode.swift; path = Forecast.swift; sourceTree = "<group>"; };
		C128DF8C20A89F9000DF1322 /* Extension.swift */ = {isa = PBXFileReference; lastKnownFileType = sourcecode.swift; path = Extension.swift; sourceTree = "<group>"; };
		C128DF8E20A8A0DB00DF1322 /* ImageDownloader.swift */ = {isa = PBXFileReference; lastKnownFileType = sourcecode.swift; path = ImageDownloader.swift; sourceTree = "<group>"; };
		C128DF9020A8A5C800DF1322 /* ForecastCell.swift */ = {isa = PBXFileReference; lastKnownFileType = sourcecode.swift; path = ForecastCell.swift; sourceTree = "<group>"; };
		C128DF9420A8AA0500DF1322 /* CollectionCell.swift */ = {isa = PBXFileReference; lastKnownFileType = sourcecode.swift; path = CollectionCell.swift; sourceTree = "<group>"; };
		C128DF9620A8ACEE00DF1322 /* TableViewExtension.swift */ = {isa = PBXFileReference; lastKnownFileType = sourcecode.swift; path = TableViewExtension.swift; sourceTree = "<group>"; };
		C138A1FDF39A416A21480BF8 /* Pods-meteoTests.debug.xcconfig */ = {isa = PBXFileReference; includeInIndex = 1; lastKnownFileType = text.xcconfig; name = "Pods-meteoTests.debug.xcconfig"; path = "Pods/Target Support Files/Pods-meteoTests/Pods-meteoTests.debug.xcconfig"; sourceTree = "<group>"; };
		C160E31F20B00AA20065F8CE /* DateHelper.swift */ = {isa = PBXFileReference; lastKnownFileType = sourcecode.swift; path = DateHelper.swift; sourceTree = "<group>"; };
		C160E32120B01ED70065F8CE /* DetailDay.swift */ = {isa = PBXFileReference; lastKnownFileType = sourcecode.swift; path = DetailDay.swift; sourceTree = "<group>"; };
		C160E32320B036C80065F8CE /* DayCell.swift */ = {isa = PBXFileReference; lastKnownFileType = sourcecode.swift; path = DayCell.swift; sourceTree = "<group>"; };
		C249B0F23A26450BB4293665 /* Pods-meteoUITests.debug.xcconfig */ = {isa = PBXFileReference; includeInIndex = 1; lastKnownFileType = text.xcconfig; name = "Pods-meteoUITests.debug.xcconfig"; path = "Pods/Target Support Files/Pods-meteoUITests/Pods-meteoUITests.debug.xcconfig"; sourceTree = "<group>"; };
/* End PBXFileReference section */

/* Begin PBXFrameworksBuildPhase section */
		C12014F520A8654A0088376D /* Frameworks */ = {
			isa = PBXFrameworksBuildPhase;
			buildActionMask = 2147483647;
			files = (
				4CCC03C64B76CF2071E0CB01 /* Pods_meteo.framework in Frameworks */,
			);
			runOnlyForDeploymentPostprocessing = 0;
		};
		C120150920A8654C0088376D /* Frameworks */ = {
			isa = PBXFrameworksBuildPhase;
			buildActionMask = 2147483647;
			files = (
				759D7BCC86A8C3889C561A0A /* Pods_meteoTests.framework in Frameworks */,
			);
			runOnlyForDeploymentPostprocessing = 0;
		};
		C120151420A8654C0088376D /* Frameworks */ = {
			isa = PBXFrameworksBuildPhase;
			buildActionMask = 2147483647;
			files = (
				6CB68331DEF2413670605E1E /* Pods_meteoUITests.framework in Frameworks */,
			);
			runOnlyForDeploymentPostprocessing = 0;
		};
/* End PBXFrameworksBuildPhase section */

/* Begin PBXGroup section */
		C12014EF20A8654A0088376D = {
			isa = PBXGroup;
			children = (
				C12014FA20A8654A0088376D /* meteo */,
				C120150F20A8654C0088376D /* meteoTests */,
				C120151A20A8654C0088376D /* meteoUITests */,
				C12014F920A8654A0088376D /* Products */,
				C35EB73E75341C78777BEF63 /* Pods */,
				D6A2A20883518244EFFDCB65 /* Frameworks */,
			);
			sourceTree = "<group>";
		};
		C12014F920A8654A0088376D /* Products */ = {
			isa = PBXGroup;
			children = (
				C12014F820A8654A0088376D /* meteo.app */,
				C120150C20A8654C0088376D /* meteoTests.xctest */,
				C120151720A8654C0088376D /* meteoUITests.xctest */,
			);
			name = Products;
			sourceTree = "<group>";
		};
		C12014FA20A8654A0088376D /* meteo */ = {
			isa = PBXGroup;
			children = (
				C120153120A8697F0088376D /* Ressources */,
				C120152B20A865800088376D /* Model */,
				C120152A20A865730088376D /* View */,
				C120152920A8656C0088376D /* Controller */,
				C12014FB20A8654A0088376D /* AppDelegate.swift */,
				C120150220A8654B0088376D /* Assets.xcassets */,
				C120150720A8654B0088376D /* Info.plist */,
				C120152C20A8658D0088376D /* Storyboard */,
			);
			path = meteo;
			sourceTree = "<group>";
		};
		C120150F20A8654C0088376D /* meteoTests */ = {
			isa = PBXGroup;
			children = (
				C120151020A8654C0088376D /* meteoTests.swift */,
				C120151220A8654C0088376D /* Info.plist */,
			);
			path = meteoTests;
			sourceTree = "<group>";
		};
		C120151A20A8654C0088376D /* meteoUITests */ = {
			isa = PBXGroup;
			children = (
				C120151B20A8654C0088376D /* meteoUITests.swift */,
				C120151D20A8654C0088376D /* Info.plist */,
			);
			path = meteoUITests;
			sourceTree = "<group>";
		};
		C120152920A8656C0088376D /* Controller */ = {
			isa = PBXGroup;
			children = (
				C120152D20A865D50088376D /* MeteoController.swift */,
				C120152F20A867540088376D /* LocationExtension.swift */,
				C128DF9620A8ACEE00DF1322 /* TableViewExtension.swift */,
			);
			path = Controller;
			sourceTree = "<group>";
		};
		C120152A20A865730088376D /* View */ = {
			isa = PBXGroup;
			children = (
				C128DF9020A8A5C800DF1322 /* ForecastCell.swift */,
				C128DF9420A8AA0500DF1322 /* CollectionCell.swift */,
				C160E32320B036C80065F8CE /* DayCell.swift */,
			);
			path = View;
			sourceTree = "<group>";
		};
		C120152B20A865800088376D /* Model */ = {
			isa = PBXGroup;
			children = (
				C128DF8A20A88BB800DF1322 /* Forecast.swift */,
				C128DF8C20A89F9000DF1322 /* Extension.swift */,
				C128DF8E20A8A0DB00DF1322 /* ImageDownloader.swift */,
				C160E31F20B00AA20065F8CE /* DateHelper.swift */,
				C160E32120B01ED70065F8CE /* DetailDay.swift */,
			);
			path = Model;
			sourceTree = "<group>";
		};
		C120152C20A8658D0088376D /* Storyboard */ = {
			isa = PBXGroup;
			children = (
				C12014FF20A8654A0088376D /* Main.storyboard */,
				C120150420A8654B0088376D /* LaunchScreen.storyboard */,
			);
			path = Storyboard;
			sourceTree = "<group>";
		};
		C120153120A8697F0088376D /* Ressources */ = {
			isa = PBXGroup;
			children = (
				C120153220A8699B0088376D /* Api.swift */,
			);
			path = Ressources;
			sourceTree = "<group>";
		};
		C35EB73E75341C78777BEF63 /* Pods */ = {
			isa = PBXGroup;
			children = (
				B328192C3BC7ED46CE30D9B0 /* Pods-meteo.debug.xcconfig */,
				93B063F59C97F20120128606 /* Pods-meteo.release.xcconfig */,
				C138A1FDF39A416A21480BF8 /* Pods-meteoTests.debug.xcconfig */,
				96F7947C0AC65F5A8B460EBF /* Pods-meteoTests.release.xcconfig */,
				C249B0F23A26450BB4293665 /* Pods-meteoUITests.debug.xcconfig */,
				312F12B1DE006B8EEAD14D0C /* Pods-meteoUITests.release.xcconfig */,
			);
			name = Pods;
			sourceTree = "<group>";
		};
		D6A2A20883518244EFFDCB65 /* Frameworks */ = {
			isa = PBXGroup;
			children = (
				9176AAF48D37AFA335276CA6 /* Pods_meteo.framework */,
				52F82AC181522ED9E48136C3 /* Pods_meteoTests.framework */,
				637312B4D6DB72498EE33605 /* Pods_meteoUITests.framework */,
			);
			name = Frameworks;
			sourceTree = "<group>";
		};
/* End PBXGroup section */

/* Begin PBXNativeTarget section */
		C12014F720A8654A0088376D /* meteo */ = {
			isa = PBXNativeTarget;
			buildConfigurationList = C120152020A8654C0088376D /* Build configuration list for PBXNativeTarget "meteo" */;
			buildPhases = (
				CDB645640A6E08BDD24EF5AD /* [CP] Check Pods Manifest.lock */,
				C12014F420A8654A0088376D /* Sources */,
				C12014F520A8654A0088376D /* Frameworks */,
				C12014F620A8654A0088376D /* Resources */,
				A4E5C37F359BF9AAC0751BF8 /* [CP] Embed Pods Frameworks */,
			);
			buildRules = (
			);
			dependencies = (
			);
			name = meteo;
			productName = meteo;
			productReference = C12014F820A8654A0088376D /* meteo.app */;
			productType = "com.apple.product-type.application";
		};
		C120150B20A8654C0088376D /* meteoTests */ = {
			isa = PBXNativeTarget;
			buildConfigurationList = C120152320A8654C0088376D /* Build configuration list for PBXNativeTarget "meteoTests" */;
			buildPhases = (
				FB31F722E37F0F62BB59906F /* [CP] Check Pods Manifest.lock */,
				C120150820A8654C0088376D /* Sources */,
				C120150920A8654C0088376D /* Frameworks */,
				C120150A20A8654C0088376D /* Resources */,
			);
			buildRules = (
			);
			dependencies = (
				C120150E20A8654C0088376D /* PBXTargetDependency */,
			);
			name = meteoTests;
			productName = meteoTests;
			productReference = C120150C20A8654C0088376D /* meteoTests.xctest */;
			productType = "com.apple.product-type.bundle.unit-test";
		};
		C120151620A8654C0088376D /* meteoUITests */ = {
			isa = PBXNativeTarget;
			buildConfigurationList = C120152620A8654C0088376D /* Build configuration list for PBXNativeTarget "meteoUITests" */;
			buildPhases = (
				7E600530574B161898D0BD68 /* [CP] Check Pods Manifest.lock */,
				C120151320A8654C0088376D /* Sources */,
				C120151420A8654C0088376D /* Frameworks */,
				C120151520A8654C0088376D /* Resources */,
			);
			buildRules = (
			);
			dependencies = (
				C120151920A8654C0088376D /* PBXTargetDependency */,
			);
			name = meteoUITests;
			productName = meteoUITests;
			productReference = C120151720A8654C0088376D /* meteoUITests.xctest */;
			productType = "com.apple.product-type.bundle.ui-testing";
		};
/* End PBXNativeTarget section */

/* Begin PBXProject section */
		C12014F020A8654A0088376D /* Project object */ = {
			isa = PBXProject;
			attributes = {
				LastSwiftUpdateCheck = 0930;
				LastUpgradeCheck = 0930;
				ORGANIZATIONNAME = "christophe milliere";
				TargetAttributes = {
					C12014F720A8654A0088376D = {
						CreatedOnToolsVersion = 9.3.1;
					};
					C120150B20A8654C0088376D = {
						CreatedOnToolsVersion = 9.3.1;
						TestTargetID = C12014F720A8654A0088376D;
					};
					C120151620A8654C0088376D = {
						CreatedOnToolsVersion = 9.3.1;
						TestTargetID = C12014F720A8654A0088376D;
					};
				};
			};
			buildConfigurationList = C12014F320A8654A0088376D /* Build configuration list for PBXProject "meteo" */;
			compatibilityVersion = "Xcode 9.3";
			developmentRegion = en;
			hasScannedForEncodings = 0;
			knownRegions = (
				en,
				Base,
			);
			mainGroup = C12014EF20A8654A0088376D;
			productRefGroup = C12014F920A8654A0088376D /* Products */;
			projectDirPath = "";
			projectRoot = "";
			targets = (
				C12014F720A8654A0088376D /* meteo */,
				C120150B20A8654C0088376D /* meteoTests */,
				C120151620A8654C0088376D /* meteoUITests */,
			);
		};
/* End PBXProject section */

/* Begin PBXResourcesBuildPhase section */
		C12014F620A8654A0088376D /* Resources */ = {
			isa = PBXResourcesBuildPhase;
			buildActionMask = 2147483647;
			files = (
				C120150620A8654B0088376D /* LaunchScreen.storyboard in Resources */,
				C120150320A8654B0088376D /* Assets.xcassets in Resources */,
				C120150120A8654A0088376D /* Main.storyboard in Resources */,
			);
			runOnlyForDeploymentPostprocessing = 0;
		};
		C120150A20A8654C0088376D /* Resources */ = {
			isa = PBXResourcesBuildPhase;
			buildActionMask = 2147483647;
			files = (
			);
			runOnlyForDeploymentPostprocessing = 0;
		};
		C120151520A8654C0088376D /* Resources */ = {
			isa = PBXResourcesBuildPhase;
			buildActionMask = 2147483647;
			files = (
			);
			runOnlyForDeploymentPostprocessing = 0;
		};
/* End PBXResourcesBuildPhase section */

/* Begin PBXShellScriptBuildPhase section */
		7E600530574B161898D0BD68 /* [CP] Check Pods Manifest.lock */ = {
			isa = PBXShellScriptBuildPhase;
			buildActionMask = 2147483647;
			files = (
			);
			inputPaths = (
				"${PODS_PODFILE_DIR_PATH}/Podfile.lock",
				"${PODS_ROOT}/Manifest.lock",
			);
			name = "[CP] Check Pods Manifest.lock";
			outputPaths = (
				"$(DERIVED_FILE_DIR)/Pods-meteoUITests-checkManifestLockResult.txt",
			);
			runOnlyForDeploymentPostprocessing = 0;
			shellPath = /bin/sh;
			shellScript = "diff \"${PODS_PODFILE_DIR_PATH}/Podfile.lock\" \"${PODS_ROOT}/Manifest.lock\" > /dev/null\nif [ $? != 0 ] ; then\n    # print error to STDERR\n    echo \"error: The sandbox is not in sync with the Podfile.lock. Run 'pod install' or update your CocoaPods installation.\" >&2\n    exit 1\nfi\n# This output is used by Xcode 'outputs' to avoid re-running this script phase.\necho \"SUCCESS\" > \"${SCRIPT_OUTPUT_FILE_0}\"\n";
			showEnvVarsInLog = 0;
		};
		A4E5C37F359BF9AAC0751BF8 /* [CP] Embed Pods Frameworks */ = {
			isa = PBXShellScriptBuildPhase;
			buildActionMask = 2147483647;
			files = (
			);
			inputPaths = (
				"${SRCROOT}/Pods/Target Support Files/Pods-meteo/Pods-meteo-frameworks.sh",
				"${BUILT_PRODUCTS_DIR}/Alamofire/Alamofire.framework",
			);
			name = "[CP] Embed Pods Frameworks";
			outputPaths = (
				"${TARGET_BUILD_DIR}/${FRAMEWORKS_FOLDER_PATH}/Alamofire.framework",
			);
			runOnlyForDeploymentPostprocessing = 0;
			shellPath = /bin/sh;
			shellScript = "\"${SRCROOT}/Pods/Target Support Files/Pods-meteo/Pods-meteo-frameworks.sh\"\n";
			showEnvVarsInLog = 0;
		};
		CDB645640A6E08BDD24EF5AD /* [CP] Check Pods Manifest.lock */ = {
			isa = PBXShellScriptBuildPhase;
			buildActionMask = 2147483647;
			files = (
			);
			inputPaths = (
				"${PODS_PODFILE_DIR_PATH}/Podfile.lock",
				"${PODS_ROOT}/Manifest.lock",
			);
			name = "[CP] Check Pods Manifest.lock";
			outputPaths = (
				"$(DERIVED_FILE_DIR)/Pods-meteo-checkManifestLockResult.txt",
			);
			runOnlyForDeploymentPostprocessing = 0;
			shellPath = /bin/sh;
			shellScript = "diff \"${PODS_PODFILE_DIR_PATH}/Podfile.lock\" \"${PODS_ROOT}/Manifest.lock\" > /dev/null\nif [ $? != 0 ] ; then\n    # print error to STDERR\n    echo \"error: The sandbox is not in sync with the Podfile.lock. Run 'pod install' or update your CocoaPods installation.\" >&2\n    exit 1\nfi\n# This output is used by Xcode 'outputs' to avoid re-running this script phase.\necho \"SUCCESS\" > \"${SCRIPT_OUTPUT_FILE_0}\"\n";
			showEnvVarsInLog = 0;
		};
		FB31F722E37F0F62BB59906F /* [CP] Check Pods Manifest.lock */ = {
			isa = PBXShellScriptBuildPhase;
			buildActionMask = 2147483647;
			files = (
			);
			inputPaths = (
				"${PODS_PODFILE_DIR_PATH}/Podfile.lock",
				"${PODS_ROOT}/Manifest.lock",
			);
			name = "[CP] Check Pods Manifest.lock";
			outputPaths = (
				"$(DERIVED_FILE_DIR)/Pods-meteoTests-checkManifestLockResult.txt",
			);
			runOnlyForDeploymentPostprocessing = 0;
			shellPath = /bin/sh;
			shellScript = "diff \"${PODS_PODFILE_DIR_PATH}/Podfile.lock\" \"${PODS_ROOT}/Manifest.lock\" > /dev/null\nif [ $? != 0 ] ; then\n    # print error to STDERR\n    echo \"error: The sandbox is not in sync with the Podfile.lock. Run 'pod install' or update your CocoaPods installation.\" >&2\n    exit 1\nfi\n# This output is used by Xcode 'outputs' to avoid re-running this script phase.\necho \"SUCCESS\" > \"${SCRIPT_OUTPUT_FILE_0}\"\n";
			showEnvVarsInLog = 0;
		};
/* End PBXShellScriptBuildPhase section */

/* Begin PBXSourcesBuildPhase section */
		C12014F420A8654A0088376D /* Sources */ = {
			isa = PBXSourcesBuildPhase;
			buildActionMask = 2147483647;
			files = (
				C120153020A867540088376D /* LocationExtension.swift in Sources */,
				C128DF8F20A8A0DB00DF1322 /* ImageDownloader.swift in Sources */,
				C128DF9520A8AA0500DF1322 /* CollectionCell.swift in Sources */,
				C120152E20A865D50088376D /* MeteoController.swift in Sources */,
				C160E32420B036C80065F8CE /* DayCell.swift in Sources */,
				C120153320A8699B0088376D /* Api.swift in Sources */,
				C128DF9120A8A5C800DF1322 /* ForecastCell.swift in Sources */,
				C128DF8D20A89F9000DF1322 /* Extension.swift in Sources */,
				C160E32220B01ED80065F8CE /* DetailDay.swift in Sources */,
				C12014FC20A8654A0088376D /* AppDelegate.swift in Sources */,
				C128DF8B20A88BB800DF1322 /* Forecast.swift in Sources */,
				C160E32020B00AA20065F8CE /* DateHelper.swift in Sources */,
				C128DF9720A8ACEE00DF1322 /* TableViewExtension.swift in Sources */,
			);
			runOnlyForDeploymentPostprocessing = 0;
		};
		C120150820A8654C0088376D /* Sources */ = {
			isa = PBXSourcesBuildPhase;
			buildActionMask = 2147483647;
			files = (
				C120151120A8654C0088376D /* meteoTests.swift in Sources */,
			);
			runOnlyForDeploymentPostprocessing = 0;
		};
		C120151320A8654C0088376D /* Sources */ = {
			isa = PBXSourcesBuildPhase;
			buildActionMask = 2147483647;
			files = (
				C120151C20A8654C0088376D /* meteoUITests.swift in Sources */,
			);
			runOnlyForDeploymentPostprocessing = 0;
		};
/* End PBXSourcesBuildPhase section */

/* Begin PBXTargetDependency section */
		C120150E20A8654C0088376D /* PBXTargetDependency */ = {
			isa = PBXTargetDependency;
			target = C12014F720A8654A0088376D /* meteo */;
			targetProxy = C120150D20A8654C0088376D /* PBXContainerItemProxy */;
		};
		C120151920A8654C0088376D /* PBXTargetDependency */ = {
			isa = PBXTargetDependency;
			target = C12014F720A8654A0088376D /* meteo */;
			targetProxy = C120151820A8654C0088376D /* PBXContainerItemProxy */;
		};
/* End PBXTargetDependency section */

/* Begin PBXVariantGroup section */
		C12014FF20A8654A0088376D /* Main.storyboard */ = {
			isa = PBXVariantGroup;
			children = (
				C120150020A8654A0088376D /* Base */,
			);
			name = Main.storyboard;
			sourceTree = "<group>";
		};
		C120150420A8654B0088376D /* LaunchScreen.storyboard */ = {
			isa = PBXVariantGroup;
			children = (
				C120150520A8654B0088376D /* Base */,
			);
			name = LaunchScreen.storyboard;
			sourceTree = "<group>";
		};
/* End PBXVariantGroup section */

/* Begin XCBuildConfiguration section */
		C120151E20A8654C0088376D /* Debug */ = {
			isa = XCBuildConfiguration;
			buildSettings = {
				ALWAYS_SEARCH_USER_PATHS = NO;
				CLANG_ANALYZER_NONNULL = YES;
				CLANG_ANALYZER_NUMBER_OBJECT_CONVERSION = YES_AGGRESSIVE;
				CLANG_CXX_LANGUAGE_STANDARD = "gnu++14";
				CLANG_CXX_LIBRARY = "libc++";
				CLANG_ENABLE_MODULES = YES;
				CLANG_ENABLE_OBJC_ARC = YES;
				CLANG_ENABLE_OBJC_WEAK = YES;
				CLANG_WARN_BLOCK_CAPTURE_AUTORELEASING = YES;
				CLANG_WARN_BOOL_CONVERSION = YES;
				CLANG_WARN_COMMA = YES;
				CLANG_WARN_CONSTANT_CONVERSION = YES;
				CLANG_WARN_DEPRECATED_OBJC_IMPLEMENTATIONS = YES;
				CLANG_WARN_DIRECT_OBJC_ISA_USAGE = YES_ERROR;
				CLANG_WARN_DOCUMENTATION_COMMENTS = YES;
				CLANG_WARN_EMPTY_BODY = YES;
				CLANG_WARN_ENUM_CONVERSION = YES;
				CLANG_WARN_INFINITE_RECURSION = YES;
				CLANG_WARN_INT_CONVERSION = YES;
				CLANG_WARN_NON_LITERAL_NULL_CONVERSION = YES;
				CLANG_WARN_OBJC_IMPLICIT_RETAIN_SELF = YES;
				CLANG_WARN_OBJC_LITERAL_CONVERSION = YES;
				CLANG_WARN_OBJC_ROOT_CLASS = YES_ERROR;
				CLANG_WARN_RANGE_LOOP_ANALYSIS = YES;
				CLANG_WARN_STRICT_PROTOTYPES = YES;
				CLANG_WARN_SUSPICIOUS_MOVE = YES;
				CLANG_WARN_UNGUARDED_AVAILABILITY = YES_AGGRESSIVE;
				CLANG_WARN_UNREACHABLE_CODE = YES;
				CLANG_WARN__DUPLICATE_METHOD_MATCH = YES;
				CODE_SIGN_IDENTITY = "iPhone Developer";
				COPY_PHASE_STRIP = NO;
				DEBUG_INFORMATION_FORMAT = dwarf;
				ENABLE_STRICT_OBJC_MSGSEND = YES;
				ENABLE_TESTABILITY = YES;
				GCC_C_LANGUAGE_STANDARD = gnu11;
				GCC_DYNAMIC_NO_PIC = NO;
				GCC_NO_COMMON_BLOCKS = YES;
				GCC_OPTIMIZATION_LEVEL = 0;
				GCC_PREPROCESSOR_DEFINITIONS = (
					"DEBUG=1",
					"$(inherited)",
				);
				GCC_WARN_64_TO_32_BIT_CONVERSION = YES;
				GCC_WARN_ABOUT_RETURN_TYPE = YES_ERROR;
				GCC_WARN_UNDECLARED_SELECTOR = YES;
				GCC_WARN_UNINITIALIZED_AUTOS = YES_AGGRESSIVE;
				GCC_WARN_UNUSED_FUNCTION = YES;
				GCC_WARN_UNUSED_VARIABLE = YES;
				IPHONEOS_DEPLOYMENT_TARGET = 11.3;
				MTL_ENABLE_DEBUG_INFO = YES;
				ONLY_ACTIVE_ARCH = YES;
				SDKROOT = iphoneos;
				SWIFT_ACTIVE_COMPILATION_CONDITIONS = DEBUG;
				SWIFT_OPTIMIZATION_LEVEL = "-Onone";
			};
			name = Debug;
		};
		C120151F20A8654C0088376D /* Release */ = {
			isa = XCBuildConfiguration;
			buildSettings = {
				ALWAYS_SEARCH_USER_PATHS = NO;
				CLANG_ANALYZER_NONNULL = YES;
				CLANG_ANALYZER_NUMBER_OBJECT_CONVERSION = YES_AGGRESSIVE;
				CLANG_CXX_LANGUAGE_STANDARD = "gnu++14";
				CLANG_CXX_LIBRARY = "libc++";
				CLANG_ENABLE_MODULES = YES;
				CLANG_ENABLE_OBJC_ARC = YES;
				CLANG_ENABLE_OBJC_WEAK = YES;
				CLANG_WARN_BLOCK_CAPTURE_AUTORELEASING = YES;
				CLANG_WARN_BOOL_CONVERSION = YES;
				CLANG_WARN_COMMA = YES;
				CLANG_WARN_CONSTANT_CONVERSION = YES;
				CLANG_WARN_DEPRECATED_OBJC_IMPLEMENTATIONS = YES;
				CLANG_WARN_DIRECT_OBJC_ISA_USAGE = YES_ERROR;
				CLANG_WARN_DOCUMENTATION_COMMENTS = YES;
				CLANG_WARN_EMPTY_BODY = YES;
				CLANG_WARN_ENUM_CONVERSION = YES;
				CLANG_WARN_INFINITE_RECURSION = YES;
				CLANG_WARN_INT_CONVERSION = YES;
				CLANG_WARN_NON_LITERAL_NULL_CONVERSION = YES;
				CLANG_WARN_OBJC_IMPLICIT_RETAIN_SELF = YES;
				CLANG_WARN_OBJC_LITERAL_CONVERSION = YES;
				CLANG_WARN_OBJC_ROOT_CLASS = YES_ERROR;
				CLANG_WARN_RANGE_LOOP_ANALYSIS = YES;
				CLANG_WARN_STRICT_PROTOTYPES = YES;
				CLANG_WARN_SUSPICIOUS_MOVE = YES;
				CLANG_WARN_UNGUARDED_AVAILABILITY = YES_AGGRESSIVE;
				CLANG_WARN_UNREACHABLE_CODE = YES;
				CLANG_WARN__DUPLICATE_METHOD_MATCH = YES;
				CODE_SIGN_IDENTITY = "iPhone Developer";
				COPY_PHASE_STRIP = NO;
				DEBUG_INFORMATION_FORMAT = "dwarf-with-dsym";
				ENABLE_NS_ASSERTIONS = NO;
				ENABLE_STRICT_OBJC_MSGSEND = YES;
				GCC_C_LANGUAGE_STANDARD = gnu11;
				GCC_NO_COMMON_BLOCKS = YES;
				GCC_WARN_64_TO_32_BIT_CONVERSION = YES;
				GCC_WARN_ABOUT_RETURN_TYPE = YES_ERROR;
				GCC_WARN_UNDECLARED_SELECTOR = YES;
				GCC_WARN_UNINITIALIZED_AUTOS = YES_AGGRESSIVE;
				GCC_WARN_UNUSED_FUNCTION = YES;
				GCC_WARN_UNUSED_VARIABLE = YES;
				IPHONEOS_DEPLOYMENT_TARGET = 11.3;
				MTL_ENABLE_DEBUG_INFO = NO;
				SDKROOT = iphoneos;
				SWIFT_COMPILATION_MODE = wholemodule;
				SWIFT_OPTIMIZATION_LEVEL = "-O";
				VALIDATE_PRODUCT = YES;
			};
			name = Release;
		};
		C120152120A8654C0088376D /* Debug */ = {
			isa = XCBuildConfiguration;
			baseConfigurationReference = B328192C3BC7ED46CE30D9B0 /* Pods-meteo.debug.xcconfig */;
			buildSettings = {
				ASSETCATALOG_COMPILER_APPICON_NAME = AppIcon;
				CODE_SIGN_STYLE = Automatic;
				DEVELOPMENT_TEAM = ENGLX8LG3W;
				INFOPLIST_FILE = meteo/Info.plist;
				LD_RUNPATH_SEARCH_PATHS = (
					"$(inherited)",
					"@executable_path/Frameworks",
				);
				PRODUCT_BUNDLE_IDENTIFIER = com.whereinbeta.meteo;
				PRODUCT_NAME = "$(TARGET_NAME)";
				SWIFT_VERSION = 4.0;
				TARGETED_DEVICE_FAMILY = "1,2";
			};
			name = Debug;
		};
		C120152220A8654C0088376D /* Release */ = {
			isa = XCBuildConfiguration;
			baseConfigurationReference = 93B063F59C97F20120128606 /* Pods-meteo.release.xcconfig */;
			buildSettings = {
				ASSETCATALOG_COMPILER_APPICON_NAME = AppIcon;
				CODE_SIGN_STYLE = Automatic;
				DEVELOPMENT_TEAM = ENGLX8LG3W;
				INFOPLIST_FILE = meteo/Info.plist;
				LD_RUNPATH_SEARCH_PATHS = (
					"$(inherited)",
					"@executable_path/Frameworks",
				);
				PRODUCT_BUNDLE_IDENTIFIER = com.whereinbeta.meteo;
				PRODUCT_NAME = "$(TARGET_NAME)";
				SWIFT_VERSION = 4.0;
				TARGETED_DEVICE_FAMILY = "1,2";
			};
			name = Release;
		};
		C120152420A8654C0088376D /* Debug */ = {
			isa = XCBuildConfiguration;
			baseConfigurationReference = C138A1FDF39A416A21480BF8 /* Pods-meteoTests.debug.xcconfig */;
			buildSettings = {
				ALWAYS_EMBED_SWIFT_STANDARD_LIBRARIES = YES;
				BUNDLE_LOADER = "$(TEST_HOST)";
				CODE_SIGN_STYLE = Automatic;
				DEVELOPMENT_TEAM = ENGLX8LG3W;
				INFOPLIST_FILE = meteoTests/Info.plist;
				LD_RUNPATH_SEARCH_PATHS = (
					"$(inherited)",
					"@executable_path/Frameworks",
					"@loader_path/Frameworks",
				);
				PRODUCT_BUNDLE_IDENTIFIER = com.whereinbeta.meteoTests;
				PRODUCT_NAME = "$(TARGET_NAME)";
				SWIFT_VERSION = 4.0;
				TARGETED_DEVICE_FAMILY = "1,2";
				TEST_HOST = "$(BUILT_PRODUCTS_DIR)/meteo.app/meteo";
			};
			name = Debug;
		};
		C120152520A8654C0088376D /* Release */ = {
			isa = XCBuildConfiguration;
			baseConfigurationReference = 96F7947C0AC65F5A8B460EBF /* Pods-meteoTests.release.xcconfig */;
			buildSettings = {
				ALWAYS_EMBED_SWIFT_STANDARD_LIBRARIES = YES;
				BUNDLE_LOADER = "$(TEST_HOST)";
				CODE_SIGN_STYLE = Automatic;
				DEVELOPMENT_TEAM = ENGLX8LG3W;
				INFOPLIST_FILE = meteoTests/Info.plist;
				LD_RUNPATH_SEARCH_PATHS = (
					"$(inherited)",
					"@executable_path/Frameworks",
					"@loader_path/Frameworks",
				);
				PRODUCT_BUNDLE_IDENTIFIER = com.whereinbeta.meteoTests;
				PRODUCT_NAME = "$(TARGET_NAME)";
				SWIFT_VERSION = 4.0;
				TARGETED_DEVICE_FAMILY = "1,2";
				TEST_HOST = "$(BUILT_PRODUCTS_DIR)/meteo.app/meteo";
			};
			name = Release;
		};
		C120152720A8654C0088376D /* Debug */ = {
			isa = XCBuildConfiguration;
			baseConfigurationReference = C249B0F23A26450BB4293665 /* Pods-meteoUITests.debug.xcconfig */;
			buildSettings = {
				ALWAYS_EMBED_SWIFT_STANDARD_LIBRARIES = YES;
				CODE_SIGN_STYLE = Automatic;
				DEVELOPMENT_TEAM = ENGLX8LG3W;
				INFOPLIST_FILE = meteoUITests/Info.plist;
				LD_RUNPATH_SEARCH_PATHS = (
					"$(inherited)",
					"@executable_path/Frameworks",
					"@loader_path/Frameworks",
				);
				PRODUCT_BUNDLE_IDENTIFIER = com.whereinbeta.meteoUITests;
				PRODUCT_NAME = "$(TARGET_NAME)";
				SWIFT_VERSION = 4.0;
				TARGETED_DEVICE_FAMILY = "1,2";
				TEST_TARGET_NAME = meteo;
			};
			name = Debug;
		};
		C120152820A8654C0088376D /* Release */ = {
			isa = XCBuildConfiguration;
			baseConfigurationReference = 312F12B1DE006B8EEAD14D0C /* Pods-meteoUITests.release.xcconfig */;
			buildSettings = {
				ALWAYS_EMBED_SWIFT_STANDARD_LIBRARIES = YES;
				CODE_SIGN_STYLE = Automatic;
				DEVELOPMENT_TEAM = ENGLX8LG3W;
				INFOPLIST_FILE = meteoUITests/Info.plist;
				LD_RUNPATH_SEARCH_PATHS = (
					"$(inherited)",
					"@executable_path/Frameworks",
					"@loader_path/Frameworks",
				);
				PRODUCT_BUNDLE_IDENTIFIER = com.whereinbeta.meteoUITests;
				PRODUCT_NAME = "$(TARGET_NAME)";
				SWIFT_VERSION = 4.0;
				TARGETED_DEVICE_FAMILY = "1,2";
				TEST_TARGET_NAME = meteo;
			};
			name = Release;
		};
/* End XCBuildConfiguration section */

/* Begin XCConfigurationList section */
		C12014F320A8654A0088376D /* Build configuration list for PBXProject "meteo" */ = {
			isa = XCConfigurationList;
			buildConfigurations = (
				C120151E20A8654C0088376D /* Debug */,
				C120151F20A8654C0088376D /* Release */,
			);
			defaultConfigurationIsVisible = 0;
			defaultConfigurationName = Release;
		};
		C120152020A8654C0088376D /* Build configuration list for PBXNativeTarget "meteo" */ = {
			isa = XCConfigurationList;
			buildConfigurations = (
				C120152120A8654C0088376D /* Debug */,
				C120152220A8654C0088376D /* Release */,
			);
			defaultConfigurationIsVisible = 0;
			defaultConfigurationName = Release;
		};
		C120152320A8654C0088376D /* Build configuration list for PBXNativeTarget "meteoTests" */ = {
			isa = XCConfigurationList;
			buildConfigurations = (
				C120152420A8654C0088376D /* Debug */,
				C120152520A8654C0088376D /* Release */,
			);
			defaultConfigurationIsVisible = 0;
			defaultConfigurationName = Release;
		};
		C120152620A8654C0088376D /* Build configuration list for PBXNativeTarget "meteoUITests" */ = {
			isa = XCConfigurationList;
			buildConfigurations = (
				C120152720A8654C0088376D /* Debug */,
				C120152820A8654C0088376D /* Release */,
			);
			defaultConfigurationIsVisible = 0;
			defaultConfigurationName = Release;
		};
/* End XCConfigurationList section */
	};
	rootObject = C12014F020A8654A0088376D /* Project object */;
}
